
Microsoft Visual Studio Solution File, Format Version 12.00
# Visual Studio Version 16
VisualStudioVersion = 16.0.29609.76
MinimumVisualStudioVersion = 10.0.40219.1
Project("{FAE04EC0-301F-11D3-BF4B-00C04F79EFBC}") = "dockeraspapi", "dockeraspapi.csproj", "{B1D6C827-43F3-43B2-BA27-6A6820C295E5}"
EndProject
Global
	GlobalSection(SolutionConfigurationPlatforms) = preSolution
		Debug|Any CPU = Debug|Any CPU
		Release|Any CPU = Release|Any CPU
	EndGlobalSection
	GlobalSection(ProjectConfigurationPlatforms) = postSolution
		{B1D6C827-43F3-43B2-BA27-6A6820C295E5}.Debug|Any CPU.ActiveCfg = Debug|Any CPU
		{B1D6C827-43F3-43B2-BA27-6A6820C295E5}.Debug|Any CPU.Build.0 = Debug|Any CPU
		{B1D6C827-43F3-43B2-BA27-6A6820C295E5}.Release|Any CPU.ActiveCfg = Release|Any CPU
		{B1D6C827-43F3-43B2-BA27-6A6820C295E5}.Release|Any CPU.Build.0 = Release|Any CPU
	EndGlobalSection
	GlobalSection(SolutionProperties) = preSolution
		HideSolutionNode = FALSE
	EndGlobalSection
	GlobalSection(ExtensibilityGlobals) = postSolution
		SolutionGuid = {58EEE29E-B5FB-4EF7-A124-B79F61DFC334}
	EndGlobalSection
EndGlobal
